
Microsoft Visual Studio Solution File, Format Version 12.00
# Visual Studio Version 17
VisualStudioVersion = 17.4.33205.214
MinimumVisualStudioVersion = 10.0.40219.1
Project("{9A19103F-16F7-4668-BE54-9A1E7A4F7556}") = "InforceTestTask", "InforceTestTask\InforceTestTask.csproj", "{D45280D1-6523-4CA7-B629-996A5A16A8A8}"
EndProject
Project("{9A19103F-16F7-4668-BE54-9A1E7A4F7556}") = "InforceTestTask.Data", "InforceTestTask.Data\InforceTestTask.Data.csproj", "{1A311243-8732-4659-9B9B-0A2736765D38}"
EndProject
Project("{FAE04EC0-301F-11D3-BF4B-00C04F79EFBC}") = "InforceTestTask.Infrastructure", "InforceTestTask.Infrastructure\InforceTestTask.Infrastructure.csproj", "{55A0CE18-A090-472F-A6A4-A4FD86ADF4DB}"
EndProject
Project("{FAE04EC0-301F-11D3-BF4B-00C04F79EFBC}") = "InforceTestTask.UnitTests", "InforceTestTask.UnitTests\InforceTestTask.UnitTests.csproj", "{440F9309-CE78-4DC6-BBEE-41C9FEFEEC95}"
EndProject
Global
	GlobalSection(SolutionConfigurationPlatforms) = preSolution
		Debug|Any CPU = Debug|Any CPU
		Release|Any CPU = Release|Any CPU
	EndGlobalSection
	GlobalSection(ProjectConfigurationPlatforms) = postSolution
		{D45280D1-6523-4CA7-B629-996A5A16A8A8}.Debug|Any CPU.ActiveCfg = Debug|Any CPU
		{D45280D1-6523-4CA7-B629-996A5A16A8A8}.Debug|Any CPU.Build.0 = Debug|Any CPU
		{D45280D1-6523-4CA7-B629-996A5A16A8A8}.Release|Any CPU.ActiveCfg = Release|Any CPU
		{D45280D1-6523-4CA7-B629-996A5A16A8A8}.Release|Any CPU.Build.0 = Release|Any CPU
		{1A311243-8732-4659-9B9B-0A2736765D38}.Debug|Any CPU.ActiveCfg = Debug|Any CPU
		{1A311243-8732-4659-9B9B-0A2736765D38}.Debug|Any CPU.Build.0 = Debug|Any CPU
		{1A311243-8732-4659-9B9B-0A2736765D38}.Release|Any CPU.ActiveCfg = Release|Any CPU
		{1A311243-8732-4659-9B9B-0A2736765D38}.Release|Any CPU.Build.0 = Release|Any CPU
		{55A0CE18-A090-472F-A6A4-A4FD86ADF4DB}.Debug|Any CPU.ActiveCfg = Debug|Any CPU
		{55A0CE18-A090-472F-A6A4-A4FD86ADF4DB}.Debug|Any CPU.Build.0 = Debug|Any CPU
		{55A0CE18-A090-472F-A6A4-A4FD86ADF4DB}.Release|Any CPU.ActiveCfg = Release|Any CPU
		{55A0CE18-A090-472F-A6A4-A4FD86ADF4DB}.Release|Any CPU.Build.0 = Release|Any CPU
		{440F9309-CE78-4DC6-BBEE-41C9FEFEEC95}.Debug|Any CPU.ActiveCfg = Debug|Any CPU
		{440F9309-CE78-4DC6-BBEE-41C9FEFEEC95}.Debug|Any CPU.Build.0 = Debug|Any CPU
		{440F9309-CE78-4DC6-BBEE-41C9FEFEEC95}.Release|Any CPU.ActiveCfg = Release|Any CPU
		{440F9309-CE78-4DC6-BBEE-41C9FEFEEC95}.Release|Any CPU.Build.0 = Release|Any CPU
	EndGlobalSection
	GlobalSection(SolutionProperties) = preSolution
		HideSolutionNode = FALSE
	EndGlobalSection
	GlobalSection(ExtensibilityGlobals) = postSolution
		SolutionGuid = {8438DCEB-46E2-4252-A775-373B6139EEC6}
	EndGlobalSection
EndGlobal
